
Microsoft Visual Studio Solution File, Format Version 11.00
# Visual Studio 2010
Project("{FAE04EC0-301F-11D3-BF4B-00C04F79EFBC}") = "Assembly-CSharp", "Assembly-CSharp.csproj", "{B79D2628-AD3C-55BB-0B88-27F5D31A3D06}"
EndProject
Project("{FAE04EC0-301F-11D3-BF4B-00C04F79EFBC}") = "Assembly-CSharp-Editor", "Assembly-CSharp-Editor.csproj", "{1587A71A-5C02-F129-71DC-44424CE2F26B}"
EndProject
Global
	GlobalSection(SolutionConfigurationPlatforms) = preSolution
		Debug|Any CPU = Debug|Any CPU
		Release|Any CPU = Release|Any CPU
	EndGlobalSection
	GlobalSection(ProjectConfigurationPlatforms) = postSolution
		{B79D2628-AD3C-55BB-0B88-27F5D31A3D06}.Debug|Any CPU.ActiveCfg = Debug|Any CPU
		{B79D2628-AD3C-55BB-0B88-27F5D31A3D06}.Debug|Any CPU.Build.0 = Debug|Any CPU
		{B79D2628-AD3C-55BB-0B88-27F5D31A3D06}.Release|Any CPU.ActiveCfg = Release|Any CPU
		{B79D2628-AD3C-55BB-0B88-27F5D31A3D06}.Release|Any CPU.Build.0 = Release|Any CPU
		{1587A71A-5C02-F129-71DC-44424CE2F26B}.Debug|Any CPU.ActiveCfg = Debug|Any CPU
		{1587A71A-5C02-F129-71DC-44424CE2F26B}.Debug|Any CPU.Build.0 = Debug|Any CPU
		{1587A71A-5C02-F129-71DC-44424CE2F26B}.Release|Any CPU.ActiveCfg = Release|Any CPU
		{1587A71A-5C02-F129-71DC-44424CE2F26B}.Release|Any CPU.Build.0 = Release|Any CPU
	EndGlobalSection
	GlobalSection(SolutionProperties) = preSolution
		HideSolutionNode = FALSE
	EndGlobalSection
	GlobalSection(MonoDevelopProperties) = preSolution
		StartupItem = Assembly-CSharp.csproj
	EndGlobalSection
EndGlobal
